
Microsoft Visual Studio Solution File, Format Version 12.00
# Visual Studio 15
Project("{FAE04EC0-301F-11D3-BF4B-00C04F79EFBC}") = "Assembly-CSharp", "Assembly-CSharp.csproj", "{9F0AD5D0-DA48-4337-06EF-11D04CD2FB3A}"
EndProject
Project("{FAE04EC0-301F-11D3-BF4B-00C04F79EFBC}") = "Assembly-CSharp-Editor", "Assembly-CSharp-Editor.csproj", "{C8DDF833-E3FE-D338-199A-5451225F10D5}"
EndProject
Global
	GlobalSection(SolutionConfigurationPlatforms) = preSolution
		Debug|Any CPU = Debug|Any CPU
		Release|Any CPU = Release|Any CPU
	EndGlobalSection
	GlobalSection(ProjectConfigurationPlatforms) = postSolution
		{9F0AD5D0-DA48-4337-06EF-11D04CD2FB3A}.Debug|Any CPU.ActiveCfg = Debug|Any CPU
		{9F0AD5D0-DA48-4337-06EF-11D04CD2FB3A}.Debug|Any CPU.Build.0 = Debug|Any CPU
		{9F0AD5D0-DA48-4337-06EF-11D04CD2FB3A}.Release|Any CPU.ActiveCfg = Release|Any CPU
		{9F0AD5D0-DA48-4337-06EF-11D04CD2FB3A}.Release|Any CPU.Build.0 = Release|Any CPU
		{C8DDF833-E3FE-D338-199A-5451225F10D5}.Debug|Any CPU.ActiveCfg = Debug|Any CPU
		{C8DDF833-E3FE-D338-199A-5451225F10D5}.Debug|Any CPU.Build.0 = Debug|Any CPU
		{C8DDF833-E3FE-D338-199A-5451225F10D5}.Release|Any CPU.ActiveCfg = Release|Any CPU
		{C8DDF833-E3FE-D338-199A-5451225F10D5}.Release|Any CPU.Build.0 = Release|Any CPU
	EndGlobalSection
	GlobalSection(SolutionProperties) = preSolution
		HideSolutionNode = FALSE
	EndGlobalSection
EndGlobal
